
Microsoft Visual Studio Solution File, Format Version 12.00
# Visual Studio Version 17
VisualStudioVersion = 17.8.34511.84
MinimumVisualStudioVersion = 10.0.40219.1
Project("{FAE04EC0-301F-11D3-BF4B-00C04F79EFBC}") = "APPEmpresa", "APPEmpresa\APPEmpresa.csproj", "{19FB9EDF-D9B1-47F4-833C-E7F8BAB36DC0}"
EndProject
Global
	GlobalSection(SolutionConfigurationPlatforms) = preSolution
		Debug|Any CPU = Debug|Any CPU
		Release|Any CPU = Release|Any CPU
	EndGlobalSection
	GlobalSection(ProjectConfigurationPlatforms) = postSolution
		{19FB9EDF-D9B1-47F4-833C-E7F8BAB36DC0}.Debug|Any CPU.ActiveCfg = Debug|Any CPU
		{19FB9EDF-D9B1-47F4-833C-E7F8BAB36DC0}.Debug|Any CPU.Build.0 = Debug|Any CPU
		{19FB9EDF-D9B1-47F4-833C-E7F8BAB36DC0}.Release|Any CPU.ActiveCfg = Release|Any CPU
		{19FB9EDF-D9B1-47F4-833C-E7F8BAB36DC0}.Release|Any CPU.Build.0 = Release|Any CPU
	EndGlobalSection
	GlobalSection(SolutionProperties) = preSolution
		HideSolutionNode = FALSE
	EndGlobalSection
	GlobalSection(ExtensibilityGlobals) = postSolution
		SolutionGuid = {74917198-2B82-491E-B838-76299A71E4F4}
	EndGlobalSection
EndGlobal
